
Microsoft Visual Studio Solution File, Format Version 12.00
# Visual Studio Version 17
VisualStudioVersion = 17.1.32228.430
MinimumVisualStudioVersion = 10.0.40219.1
Project("{2150E333-8FDC-42A3-9474-1A3956D46DE8}") = "Gateway", "Gateway", "{9CB5F522-9585-49DA-92F7-FBC387498EDC}"
EndProject
Project("{2150E333-8FDC-42A3-9474-1A3956D46DE8}") = "Contracts", "Contracts", "{F834B29C-262F-45D9-91F3-D34AEE236106}"
EndProject
Project("{2150E333-8FDC-42A3-9474-1A3956D46DE8}") = "src", "src", "{78FE65D7-ED8F-4C7D-9004-480DC7756CEE}"
EndProject
Project("{2150E333-8FDC-42A3-9474-1A3956D46DE8}") = "Saga", "Saga", "{650FB87E-DF96-4B33-93CA-70CCC962D3C9}"
EndProject
Project("{2150E333-8FDC-42A3-9474-1A3956D46DE8}") = "Services", "Services", "{F0D55022-3899-4598-8E8F-3BE967FDD5A3}"
EndProject
Project("{9A19103F-16F7-4668-BE54-9A1E7A4F7556}") = "TelGuide.s.Saga", "TelGuide.s.Saga\TelGuide.s.Saga.csproj", "{9735D0B7-D132-4AF0-8B35-D62919BBFB72}"
EndProject
Project("{9A19103F-16F7-4668-BE54-9A1E7A4F7556}") = "TelGuide.Contracts", "TelGuide.Contracts\TelGuide.Contracts.csproj", "{D5DB71D3-11C0-4CA0-B9C0-320F4AA8BC78}"
EndProject
Project("{9A19103F-16F7-4668-BE54-9A1E7A4F7556}") = "Gateway", "Gateway\Gateway.csproj", "{5E2E84F9-1C84-4967-A2B0-B2D10F948DFA}"
EndProject
Project("{9A19103F-16F7-4668-BE54-9A1E7A4F7556}") = "TelGuide.Secutity", "Secutity\TelGuide.Secutity.csproj", "{C1E07859-44F9-492F-9B99-7B3BFBE6EBDC}"
EndProject
Project("{9A19103F-16F7-4668-BE54-9A1E7A4F7556}") = "TelGuide.Guide", "TelGuide.Guide\TelGuide.Guide.csproj", "{97D19D87-8660-4474-A1E9-1DF0CB45393C}"
EndProject
Project("{9A19103F-16F7-4668-BE54-9A1E7A4F7556}") = "TelGuide.Report", "TelGuide.Report\TelGuide.Report.csproj", "{60E6DE90-DEC5-4769-BAC5-B698893334B2}"
EndProject
Project("{E53339B2-1760-4266-BCC7-CA923CBCF16C}") = "docker-compose", "docker-compose.dcproj", "{B51AEBE5-7EC1-4424-99D1-5B82D830E472}"
EndProject
Global
	GlobalSection(SolutionConfigurationPlatforms) = preSolution
		Debug|Any CPU = Debug|Any CPU
		Release|Any CPU = Release|Any CPU
	EndGlobalSection
	GlobalSection(ProjectConfigurationPlatforms) = postSolution
		{9735D0B7-D132-4AF0-8B35-D62919BBFB72}.Debug|Any CPU.ActiveCfg = Debug|Any CPU
		{9735D0B7-D132-4AF0-8B35-D62919BBFB72}.Debug|Any CPU.Build.0 = Debug|Any CPU
		{9735D0B7-D132-4AF0-8B35-D62919BBFB72}.Release|Any CPU.ActiveCfg = Release|Any CPU
		{9735D0B7-D132-4AF0-8B35-D62919BBFB72}.Release|Any CPU.Build.0 = Release|Any CPU
		{D5DB71D3-11C0-4CA0-B9C0-320F4AA8BC78}.Debug|Any CPU.ActiveCfg = Debug|Any CPU
		{D5DB71D3-11C0-4CA0-B9C0-320F4AA8BC78}.Debug|Any CPU.Build.0 = Debug|Any CPU
		{D5DB71D3-11C0-4CA0-B9C0-320F4AA8BC78}.Release|Any CPU.ActiveCfg = Release|Any CPU
		{D5DB71D3-11C0-4CA0-B9C0-320F4AA8BC78}.Release|Any CPU.Build.0 = Release|Any CPU
		{5E2E84F9-1C84-4967-A2B0-B2D10F948DFA}.Debug|Any CPU.ActiveCfg = Debug|Any CPU
		{5E2E84F9-1C84-4967-A2B0-B2D10F948DFA}.Debug|Any CPU.Build.0 = Debug|Any CPU
		{5E2E84F9-1C84-4967-A2B0-B2D10F948DFA}.Release|Any CPU.ActiveCfg = Release|Any CPU
		{5E2E84F9-1C84-4967-A2B0-B2D10F948DFA}.Release|Any CPU.Build.0 = Release|Any CPU
		{C1E07859-44F9-492F-9B99-7B3BFBE6EBDC}.Debug|Any CPU.ActiveCfg = Debug|Any CPU
		{C1E07859-44F9-492F-9B99-7B3BFBE6EBDC}.Debug|Any CPU.Build.0 = Debug|Any CPU
		{C1E07859-44F9-492F-9B99-7B3BFBE6EBDC}.Release|Any CPU.ActiveCfg = Release|Any CPU
		{C1E07859-44F9-492F-9B99-7B3BFBE6EBDC}.Release|Any CPU.Build.0 = Release|Any CPU
		{97D19D87-8660-4474-A1E9-1DF0CB45393C}.Debug|Any CPU.ActiveCfg = Debug|Any CPU
		{97D19D87-8660-4474-A1E9-1DF0CB45393C}.Debug|Any CPU.Build.0 = Debug|Any CPU
		{97D19D87-8660-4474-A1E9-1DF0CB45393C}.Release|Any CPU.ActiveCfg = Release|Any CPU
		{97D19D87-8660-4474-A1E9-1DF0CB45393C}.Release|Any CPU.Build.0 = Release|Any CPU
		{60E6DE90-DEC5-4769-BAC5-B698893334B2}.Debug|Any CPU.ActiveCfg = Debug|Any CPU
		{60E6DE90-DEC5-4769-BAC5-B698893334B2}.Debug|Any CPU.Build.0 = Debug|Any CPU
		{60E6DE90-DEC5-4769-BAC5-B698893334B2}.Release|Any CPU.ActiveCfg = Release|Any CPU
		{60E6DE90-DEC5-4769-BAC5-B698893334B2}.Release|Any CPU.Build.0 = Release|Any CPU
		{B51AEBE5-7EC1-4424-99D1-5B82D830E472}.Debug|Any CPU.ActiveCfg = Debug|Any CPU
		{B51AEBE5-7EC1-4424-99D1-5B82D830E472}.Debug|Any CPU.Build.0 = Debug|Any CPU
		{B51AEBE5-7EC1-4424-99D1-5B82D830E472}.Release|Any CPU.ActiveCfg = Release|Any CPU
		{B51AEBE5-7EC1-4424-99D1-5B82D830E472}.Release|Any CPU.Build.0 = Release|Any CPU
	EndGlobalSection
	GlobalSection(SolutionProperties) = preSolution
		HideSolutionNode = FALSE
	EndGlobalSection
	GlobalSection(NestedProjects) = preSolution
		{9CB5F522-9585-49DA-92F7-FBC387498EDC} = {78FE65D7-ED8F-4C7D-9004-480DC7756CEE}
		{F834B29C-262F-45D9-91F3-D34AEE236106} = {78FE65D7-ED8F-4C7D-9004-480DC7756CEE}
		{650FB87E-DF96-4B33-93CA-70CCC962D3C9} = {78FE65D7-ED8F-4C7D-9004-480DC7756CEE}
		{F0D55022-3899-4598-8E8F-3BE967FDD5A3} = {78FE65D7-ED8F-4C7D-9004-480DC7756CEE}
		{9735D0B7-D132-4AF0-8B35-D62919BBFB72} = {650FB87E-DF96-4B33-93CA-70CCC962D3C9}
		{D5DB71D3-11C0-4CA0-B9C0-320F4AA8BC78} = {F834B29C-262F-45D9-91F3-D34AEE236106}
		{5E2E84F9-1C84-4967-A2B0-B2D10F948DFA} = {9CB5F522-9585-49DA-92F7-FBC387498EDC}
		{C1E07859-44F9-492F-9B99-7B3BFBE6EBDC} = {F0D55022-3899-4598-8E8F-3BE967FDD5A3}
		{97D19D87-8660-4474-A1E9-1DF0CB45393C} = {F0D55022-3899-4598-8E8F-3BE967FDD5A3}
		{60E6DE90-DEC5-4769-BAC5-B698893334B2} = {F0D55022-3899-4598-8E8F-3BE967FDD5A3}
	EndGlobalSection
	GlobalSection(ExtensibilityGlobals) = postSolution
		SolutionGuid = {01D5BC88-49EC-4416-80AC-5ABEEF06C255}
	EndGlobalSection
EndGlobal
